# This file is automatically @generated by Cargo.
# It is not intended for manual editing.
version = 4

[[package]]
name = "veln-ast"
version = "0.1.0"
dependencies = [
 "veln-source",
 "veln-syntax",
]

[[package]]
name = "veln-backend-jvm"
version = "0.1.0"
dependencies = [
 "veln-ast",
 "veln-ir",
 "veln-sema",
 "veln-source",
 "veln-syntax",
]

[[package]]
name = "veln-cli"
version = "0.1.0"
dependencies = [
 "veln-ast",
 "veln-backend-jvm",
 "veln-core",
 "veln-diagnostics",
 "veln-ir",
 "veln-lsp",
 "veln-project",
 "veln-sema",
 "veln-source",
 "veln-syntax",
 "veln-test",
]

[[package]]
name = "veln-core"
version = "0.1.0"
dependencies = [
 "veln-ast",
 "veln-source",
]

[[package]]
name = "veln-diagnostics"
version = "0.1.0"
dependencies = [
 "veln-source",
]

[[package]]
name = "veln-editor"
version = "0.1.0"
dependencies = [
 "veln-source",
 "veln-syntax",
]

[[package]]
name = "veln-ir"
version = "0.1.0"
dependencies = [
 "veln-ast",
 "veln-core",
 "veln-source",
 "veln-syntax",
]

[[package]]
name = "veln-lsp"
version = "0.1.0"
dependencies = [
 "veln-editor",
 "veln-source",
]

[[package]]
name = "veln-project"
version = "0.1.0"
dependencies = [
 "veln-source",
]

[[package]]
name = "veln-sema"
version = "0.1.0"
dependencies = [
 "veln-ast",
 "veln-core",
 "veln-diagnostics",
 "veln-ir",
 "veln-project",
 "veln-source",
 "veln-syntax",
]

[[package]]
name = "veln-source"
version = "0.1.0"

[[package]]
name = "veln-syntax"
version = "0.1.0"
dependencies = [
 "veln-source",
]

[[package]]
name = "veln-test"
version = "0.1.0"
dependencies = [
 "veln-ast",
 "veln-diagnostics",
 "veln-project",
 "veln-source",
 "veln-syntax",
]
